
Microsoft Visual Studio Solution File, Format Version 12.00
# Visual Studio Version 17
VisualStudioVersion = 17.12.35527.113 d17.12
MinimumVisualStudioVersion = 10.0.40219.1
Project("{FAE04EC0-301F-11D3-BF4B-00C04F79EFBC}") = "2_VariablesAndDataTypes", "2_VariablesAndDataTypes.csproj", "{AE7BF12B-8337-414D-8F59-33A9F6208640}"
EndProject
Global
	GlobalSection(SolutionConfigurationPlatforms) = preSolution
		Debug|Any CPU = Debug|Any CPU
		Release|Any CPU = Release|Any CPU
	EndGlobalSection
	GlobalSection(ProjectConfigurationPlatforms) = postSolution
		{AE7BF12B-8337-414D-8F59-33A9F6208640}.Debug|Any CPU.ActiveCfg = Debug|Any CPU
		{AE7BF12B-8337-414D-8F59-33A9F6208640}.Debug|Any CPU.Build.0 = Debug|Any CPU
		{AE7BF12B-8337-414D-8F59-33A9F6208640}.Release|Any CPU.ActiveCfg = Release|Any CPU
		{AE7BF12B-8337-414D-8F59-33A9F6208640}.Release|Any CPU.Build.0 = Release|Any CPU
	EndGlobalSection
	GlobalSection(SolutionProperties) = preSolution
		HideSolutionNode = FALSE
	EndGlobalSection
EndGlobal
